%{
  "exirc": {:hex, :exirc, "1.1.0", "212a86124a113d87752ce528d52f8e2e2dab3accada66e5330591b9de2c628f9", [:mix], [], "hexpm", "71d01fd9c3378e3f13acd855188ec2b4f225884d2d33fabdb77b77e34b7f5dc7"},
  "jason": {:hex, :jason, "1.2.0", "10043418c42d2493d0ee212d3fddd25d7ffe484380afad769a0a38795938e448", [:mix], [{:decimal, "~> 1.0", [hex: :decimal, repo: "hexpm", optional: true]}], "hexpm", "116747dbe057794c3a3e4e143b7c8390b29f634e16c78a7f59ba75bfa6852e7f"},
  "websockex": {:hex, :websockex, "0.4.2", "9a3b7dc25655517ecd3f8ff7109a77fce94956096b942836cdcfbc7c86603ecc", [:mix], [], "hexpm", "803cd76e91544b56f0e655e36790be797fa6436db9224f7c303db9b9df2a3df4"},
}
